
Microsoft Visual Studio Solution File, Format Version 12.00
# Visual Studio 14
VisualStudioVersion = 14.0.25420.1
MinimumVisualStudioVersion = 10.0.40219.1
Project("{FAE04EC0-301F-11D3-BF4B-00C04F79EFBC}") = "Exp2EnumDemo", "Exp2EnumDemo\Exp2EnumDemo.csproj", "{87AFD407-676E-4EA1-B57D-4C8B240E662B}"
EndProject
Project("{FAE04EC0-301F-11D3-BF4B-00C04F79EFBC}") = "Exp2ArrayDemo", "Exp2ArrayDemo\Exp2ArrayDemo.csproj", "{B18C522C-8019-4EC6-8B28-9DACAEDD9571}"
EndProject
Project("{FAE04EC0-301F-11D3-BF4B-00C04F79EFBC}") = "Exp2MultiplicationTable", "Exp2MultiplicationTable\Exp2MultiplicationTable.csproj", "{8C08B415-FBF2-4BDF-A83D-46C27BB97586}"
EndProject
Project("{2150E333-8FDC-42A3-9474-1A3956D46DE8}") = "Exp2", "Exp2", "{BDD4A82C-9BC7-4ED7-BAE2-B1D0C6DD5A6A}"
EndProject
Project("{2150E333-8FDC-42A3-9474-1A3956D46DE8}") = "Exp1", "Exp1", "{4F95C7F6-6B17-4F6D-AB44-CD75B10B9F3D}"
EndProject
Project("{FAE04EC0-301F-11D3-BF4B-00C04F79EFBC}") = "Exp1Welcome", "Exp1Welcome\Exp1Welcome.csproj", "{AE110205-C509-4750-A02E-2A28DA7B51FD}"
EndProject
Project("{FAE04EC0-301F-11D3-BF4B-00C04F79EFBC}") = "Exp1WinForm", "Exp1WinForm\Exp1WinForm.csproj", "{33F98C07-E464-46C0-B9AC-6A31EDF714C3}"
EndProject
Project("{FAE04EC0-301F-11D3-BF4B-00C04F79EFBC}") = "Ex1SampleStruct", "Ex1SampleStruct\Ex1SampleStruct.csproj", "{EB4A5C81-C805-4F0F-A1E1-3908B839FDFE}"
EndProject
Project("{2150E333-8FDC-42A3-9474-1A3956D46DE8}") = "Exp3", "Exp3", "{13FDB8CB-0887-4E65-A472-495A6E4E77E7}"
EndProject
Project("{FAE04EC0-301F-11D3-BF4B-00C04F79EFBC}") = "Bank", "Account\Bank.csproj", "{20B9019D-5A60-4A0E-8AD7-7BDAE8BD1BD6}"
EndProject
Project("{FAE04EC0-301F-11D3-BF4B-00C04F79EFBC}") = "BankForm", "BankForm\BankForm.csproj", "{73EF30F3-7DF6-4870-8C03-157E11641B10}"
EndProject
Global
	GlobalSection(SolutionConfigurationPlatforms) = preSolution
		Debug|Any CPU = Debug|Any CPU
		Release|Any CPU = Release|Any CPU
	EndGlobalSection
	GlobalSection(ProjectConfigurationPlatforms) = postSolution
		{87AFD407-676E-4EA1-B57D-4C8B240E662B}.Debug|Any CPU.ActiveCfg = Debug|Any CPU
		{87AFD407-676E-4EA1-B57D-4C8B240E662B}.Debug|Any CPU.Build.0 = Debug|Any CPU
		{87AFD407-676E-4EA1-B57D-4C8B240E662B}.Release|Any CPU.ActiveCfg = Release|Any CPU
		{87AFD407-676E-4EA1-B57D-4C8B240E662B}.Release|Any CPU.Build.0 = Release|Any CPU
		{B18C522C-8019-4EC6-8B28-9DACAEDD9571}.Debug|Any CPU.ActiveCfg = Debug|Any CPU
		{B18C522C-8019-4EC6-8B28-9DACAEDD9571}.Debug|Any CPU.Build.0 = Debug|Any CPU
		{B18C522C-8019-4EC6-8B28-9DACAEDD9571}.Release|Any CPU.ActiveCfg = Release|Any CPU
		{B18C522C-8019-4EC6-8B28-9DACAEDD9571}.Release|Any CPU.Build.0 = Release|Any CPU
		{8C08B415-FBF2-4BDF-A83D-46C27BB97586}.Debug|Any CPU.ActiveCfg = Debug|Any CPU
		{8C08B415-FBF2-4BDF-A83D-46C27BB97586}.Debug|Any CPU.Build.0 = Debug|Any CPU
		{8C08B415-FBF2-4BDF-A83D-46C27BB97586}.Release|Any CPU.ActiveCfg = Release|Any CPU
		{8C08B415-FBF2-4BDF-A83D-46C27BB97586}.Release|Any CPU.Build.0 = Release|Any CPU
		{AE110205-C509-4750-A02E-2A28DA7B51FD}.Debug|Any CPU.ActiveCfg = Debug|Any CPU
		{AE110205-C509-4750-A02E-2A28DA7B51FD}.Debug|Any CPU.Build.0 = Debug|Any CPU
		{AE110205-C509-4750-A02E-2A28DA7B51FD}.Release|Any CPU.ActiveCfg = Release|Any CPU
		{AE110205-C509-4750-A02E-2A28DA7B51FD}.Release|Any CPU.Build.0 = Release|Any CPU
		{33F98C07-E464-46C0-B9AC-6A31EDF714C3}.Debug|Any CPU.ActiveCfg = Debug|Any CPU
		{33F98C07-E464-46C0-B9AC-6A31EDF714C3}.Debug|Any CPU.Build.0 = Debug|Any CPU
		{33F98C07-E464-46C0-B9AC-6A31EDF714C3}.Release|Any CPU.ActiveCfg = Release|Any CPU
		{33F98C07-E464-46C0-B9AC-6A31EDF714C3}.Release|Any CPU.Build.0 = Release|Any CPU
		{EB4A5C81-C805-4F0F-A1E1-3908B839FDFE}.Debug|Any CPU.ActiveCfg = Debug|Any CPU
		{EB4A5C81-C805-4F0F-A1E1-3908B839FDFE}.Debug|Any CPU.Build.0 = Debug|Any CPU
		{EB4A5C81-C805-4F0F-A1E1-3908B839FDFE}.Release|Any CPU.ActiveCfg = Release|Any CPU
		{EB4A5C81-C805-4F0F-A1E1-3908B839FDFE}.Release|Any CPU.Build.0 = Release|Any CPU
		{20B9019D-5A60-4A0E-8AD7-7BDAE8BD1BD6}.Debug|Any CPU.ActiveCfg = Debug|Any CPU
		{20B9019D-5A60-4A0E-8AD7-7BDAE8BD1BD6}.Debug|Any CPU.Build.0 = Debug|Any CPU
		{20B9019D-5A60-4A0E-8AD7-7BDAE8BD1BD6}.Release|Any CPU.ActiveCfg = Release|Any CPU
		{20B9019D-5A60-4A0E-8AD7-7BDAE8BD1BD6}.Release|Any CPU.Build.0 = Release|Any CPU
		{73EF30F3-7DF6-4870-8C03-157E11641B10}.Debug|Any CPU.ActiveCfg = Debug|Any CPU
		{73EF30F3-7DF6-4870-8C03-157E11641B10}.Debug|Any CPU.Build.0 = Debug|Any CPU
		{73EF30F3-7DF6-4870-8C03-157E11641B10}.Release|Any CPU.ActiveCfg = Release|Any CPU
		{73EF30F3-7DF6-4870-8C03-157E11641B10}.Release|Any CPU.Build.0 = Release|Any CPU
	EndGlobalSection
	GlobalSection(SolutionProperties) = preSolution
		HideSolutionNode = FALSE
	EndGlobalSection
	GlobalSection(NestedProjects) = preSolution
		{87AFD407-676E-4EA1-B57D-4C8B240E662B} = {BDD4A82C-9BC7-4ED7-BAE2-B1D0C6DD5A6A}
		{B18C522C-8019-4EC6-8B28-9DACAEDD9571} = {BDD4A82C-9BC7-4ED7-BAE2-B1D0C6DD5A6A}
		{8C08B415-FBF2-4BDF-A83D-46C27BB97586} = {BDD4A82C-9BC7-4ED7-BAE2-B1D0C6DD5A6A}
		{AE110205-C509-4750-A02E-2A28DA7B51FD} = {4F95C7F6-6B17-4F6D-AB44-CD75B10B9F3D}
		{33F98C07-E464-46C0-B9AC-6A31EDF714C3} = {4F95C7F6-6B17-4F6D-AB44-CD75B10B9F3D}
		{EB4A5C81-C805-4F0F-A1E1-3908B839FDFE} = {4F95C7F6-6B17-4F6D-AB44-CD75B10B9F3D}
		{20B9019D-5A60-4A0E-8AD7-7BDAE8BD1BD6} = {13FDB8CB-0887-4E65-A472-495A6E4E77E7}
		{73EF30F3-7DF6-4870-8C03-157E11641B10} = {13FDB8CB-0887-4E65-A472-495A6E4E77E7}
	EndGlobalSection
EndGlobal
